// !$*UTF8*$!
{
	archiveVersion = 1;
	classes = {
	};
	objectVersion = 46;
	objects = {

/* Begin PBXBuildFile section */
		203B16A619877A1700AD36A6 /* KAABTestingViewController.m in Sources */ = {isa = PBXBuildFile; fileRef = 203B16A519877A1700AD36A6 /* KAABTestingViewController.m */; };
		203B16AA1987853F00AD36A6 /* KAFlexAnalyticsViewController.m in Sources */ = {isa = PBXBuildFile; fileRef = 203B16A91987853F00AD36A6 /* KAFlexAnalyticsViewController.m */; };
		203B16AE19878EE400AD36A6 /* KAEventAnalyticsViewController.m in Sources */ = {isa = PBXBuildFile; fileRef = 203B16AD19878EE400AD36A6 /* KAEventAnalyticsViewController.m */; };
		203B16B51987E7FE00AD36A6 /* KAUploadFileViewController.m in Sources */ = {isa = PBXBuildFile; fileRef = 203B16B41987E7FE00AD36A6 /* KAUploadFileViewController.m */; };
		203B16B81987E91500AD36A6 /* KACheckLoginTableViewController.m in Sources */ = {isa = PBXBuildFile; fileRef = 203B16B71987E91500AD36A6 /* KACheckLoginTableViewController.m */; };
		203B16BB19888F3E00AD36A6 /* KAServerExtensionViewController.m in Sources */ = {isa = PBXBuildFile; fileRef = 203B16BA19888F3E00AD36A6 /* KAServerExtensionViewController.m */; };
		2054D0C71963E29C00F3CF67 /* Foundation.framework in Frameworks */ = {isa = PBXBuildFile; fileRef = 2054D0C61963E29C00F3CF67 /* Foundation.framework */; };
		2054D0C91963E29C00F3CF67 /* CoreGraphics.framework in Frameworks */ = {isa = PBXBuildFile; fileRef = 2054D0C81963E29C00F3CF67 /* CoreGraphics.framework */; };
		2054D0CB1963E29C00F3CF67 /* UIKit.framework in Frameworks */ = {isa = PBXBuildFile; fileRef = 2054D0CA1963E29C00F3CF67 /* UIKit.framework */; };
		2054D0D11963E29C00F3CF67 /* InfoPlist.strings in Resources */ = {isa = PBXBuildFile; fileRef = 2054D0CF1963E29C00F3CF67 /* InfoPlist.strings */; };
		2054D0D31963E29C00F3CF67 /* main.m in Sources */ = {isa = PBXBuildFile; fileRef = 2054D0D21963E29C00F3CF67 /* main.m */; };
		2054D0D71963E29C00F3CF67 /* KAAppDelegate.m in Sources */ = {isa = PBXBuildFile; fileRef = 2054D0D61963E29C00F3CF67 /* KAAppDelegate.m */; };
		2054D0DA1963E29C00F3CF67 /* Main.storyboard in Resources */ = {isa = PBXBuildFile; fileRef = 2054D0D81963E29C00F3CF67 /* Main.storyboard */; };
		2054D0E21963E29C00F3CF67 /* Images.xcassets in Resources */ = {isa = PBXBuildFile; fileRef = 2054D0E11963E29C00F3CF67 /* Images.xcassets */; };
		2054D0E91963E29C00F3CF67 /* XCTest.framework in Frameworks */ = {isa = PBXBuildFile; fileRef = 2054D0E81963E29C00F3CF67 /* XCTest.framework */; };
		2054D0EA1963E29C00F3CF67 /* Foundation.framework in Frameworks */ = {isa = PBXBuildFile; fileRef = 2054D0C61963E29C00F3CF67 /* Foundation.framework */; };
		2054D0EB1963E29C00F3CF67 /* UIKit.framework in Frameworks */ = {isa = PBXBuildFile; fileRef = 2054D0CA1963E29C00F3CF67 /* UIKit.framework */; };
		2054D0F31963E29C00F3CF67 /* InfoPlist.strings in Resources */ = {isa = PBXBuildFile; fileRef = 2054D0F11963E29C00F3CF67 /* InfoPlist.strings */; };
		2054D0F51963E29C00F3CF67 /* API_DemosTests.m in Sources */ = {isa = PBXBuildFile; fileRef = 2054D0F41963E29C00F3CF67 /* API_DemosTests.m */; };
		20551E7D1989D0DF0077B2AB /* KADownloadFileViewController.m in Sources */ = {isa = PBXBuildFile; fileRef = 20551E7C1989D0DF0077B2AB /* KADownloadFileViewController.m */; };
		20551E801989D0EA0077B2AB /* KAPublishFileViewController.m in Sources */ = {isa = PBXBuildFile; fileRef = 20551E7F1989D0EA0077B2AB /* KAPublishFileViewController.m */; };
		205AAFF11984775600BC06FB /* KANotepadTableViewController.m in Sources */ = {isa = PBXBuildFile; fileRef = 205AAFF01984775600BC06FB /* KANotepadTableViewController.m */; };
		205AAFF5198480CF00BC06FB /* KANoteEditorViewController.m in Sources */ = {isa = PBXBuildFile; fileRef = 205AAFF4198480CF00BC06FB /* KANoteEditorViewController.m */; };
		207069581974E20A00EE57F2 /* KAGroupManagementViewController.m in Sources */ = {isa = PBXBuildFile; fileRef = 207069571974E20A00EE57F2 /* KAGroupManagementViewController.m */; };
		20968B0A1963E46B0021BBE2 /* MobileCoreServices.framework in Frameworks */ = {isa = PBXBuildFile; fileRef = 20968B091963E46B0021BBE2 /* MobileCoreServices.framework */; };
		20968B0C1963E4730021BBE2 /* Accounts.framework in Frameworks */ = {isa = PBXBuildFile; fileRef = 20968B0B1963E4730021BBE2 /* Accounts.framework */; };
		20968B0E1963E47B0021BBE2 /* Social.framework in Frameworks */ = {isa = PBXBuildFile; fileRef = 20968B0D1963E47B0021BBE2 /* Social.framework */; };
		20968B101963E4830021BBE2 /* Security.framework in Frameworks */ = {isa = PBXBuildFile; fileRef = 20968B0F1963E4830021BBE2 /* Security.framework */; };
		20968B121963E48B0021BBE2 /* ImageIO.framework in Frameworks */ = {isa = PBXBuildFile; fileRef = 20968B111963E48B0021BBE2 /* ImageIO.framework */; };
		20968B141963E4930021BBE2 /* libsqlite3.dylib in Frameworks */ = {isa = PBXBuildFile; fileRef = 20968B131963E4930021BBE2 /* libsqlite3.dylib */; };
		20968B161963E4A90021BBE2 /* KiiSDK.framework in Frameworks */ = {isa = PBXBuildFile; fileRef = 20968B151963E4A90021BBE2 /* KiiSDK.framework */; };
		20968B181963E4B70021BBE2 /* KiiAnalytics.framework in Frameworks */ = {isa = PBXBuildFile; fileRef = 20968B171963E4B70021BBE2 /* KiiAnalytics.framework */; };
		2099FD51196AFCC5005062F0 /* KASimpleSignUpInViewController.m in Sources */ = {isa = PBXBuildFile; fileRef = 2099FD50196AFCC5005062F0 /* KASimpleSignUpInViewController.m */; };
		2099FD57196AFFF9005062F0 /* iToast.m in Sources */ = {isa = PBXBuildFile; fileRef = 2099FD54196AFFF9005062F0 /* iToast.m */; };
		2099FD58196AFFF9005062F0 /* MBProgressHUD.m in Sources */ = {isa = PBXBuildFile; fileRef = 2099FD56196AFFF9005062F0 /* MBProgressHUD.m */; };
		2099FD5B196B116A005062F0 /* KASignUpViewController.m in Sources */ = {isa = PBXBuildFile; fileRef = 2099FD5A196B116A005062F0 /* KASignUpViewController.m */; };
		209AD7B8196C40F400DE5235 /* KAUserAttributesViewController.m in Sources */ = {isa = PBXBuildFile; fileRef = 209AD7B7196C40F400DE5235 /* KAUserAttributesViewController.m */; };
		209AD7BB196C480E00DE5235 /* KALogoutDeleteUserViewController.m in Sources */ = {isa = PBXBuildFile; fileRef = 209AD7BA196C480E00DE5235 /* KALogoutDeleteUserViewController.m */; };
		20B45E9819693EB500CA2F03 /* KASettingsViewController.m in Sources */ = {isa = PBXBuildFile; fileRef = 20B45E9719693EB500CA2F03 /* KASettingsViewController.m */; };
		20B45E9B1969404C00CA2F03 /* KAViewUtils.m in Sources */ = {isa = PBXBuildFile; fileRef = 20B45E9A1969404C00CA2F03 /* KAViewUtils.m */; };
		20B45E9E196940E800CA2F03 /* KAAppConfig.m in Sources */ = {isa = PBXBuildFile; fileRef = 20B45E9D196940E800CA2F03 /* KAAppConfig.m */; };
		20B45EA11969435100CA2F03 /* KAGlobal.m in Sources */ = {isa = PBXBuildFile; fileRef = 20B45EA01969435100CA2F03 /* KAGlobal.m */; };
		20D415E8198E2D2400E170B8 /* KAAddPOIViewController.m in Sources */ = {isa = PBXBuildFile; fileRef = 20D415E7198E2D2400E170B8 /* KAAddPOIViewController.m */; };
		20D415EB198E32FB00E170B8 /* CoreLocation.framework in Frameworks */ = {isa = PBXBuildFile; fileRef = 20D415EA198E32FB00E170B8 /* CoreLocation.framework */; };
		20D415EE198E408400E170B8 /* KAPOIGeoBoxViewController.m in Sources */ = {isa = PBXBuildFile; fileRef = 20D415ED198E408400E170B8 /* KAPOIGeoBoxViewController.m */; };
		20D415F1198E409B00E170B8 /* KAPOIDistanceViewController.m in Sources */ = {isa = PBXBuildFile; fileRef = 20D415F0198E409B00E170B8 /* KAPOIDistanceViewController.m */; };
		20D6185F196F4ADD00AF8A4A /* KASNSIntegrateViewController.m in Sources */ = {isa = PBXBuildFile; fileRef = 20D6185E196F4ADD00AF8A4A /* KASNSIntegrateViewController.m */; };
		20E27D031976876E00F0B1A4 /* tab_settings@2x.png in Resources */ = {isa = PBXBuildFile; fileRef = 20E27D011976876E00F0B1A4 /* tab_settings@2x.png */; };
		20E27D041976876E00F0B1A4 /* tab_api@2x.png in Resources */ = {isa = PBXBuildFile; fileRef = 20E27D021976876E00F0B1A4 /* tab_api@2x.png */; };
		20E91E06196B5F8A0062B9EF /* KASignInViewController.m in Sources */ = {isa = PBXBuildFile; fileRef = 20E91E05196B5F8A0062B9EF /* KASignInViewController.m */; };
/* End PBXBuildFile section */

/* Begin PBXContainerItemProxy section */
		2054D0EC1963E29C00F3CF67 /* PBXContainerItemProxy */ = {
			isa = PBXContainerItemProxy;
			containerPortal = 2054D0BB1963E29C00F3CF67 /* Project object */;
			proxyType = 1;
			remoteGlobalIDString = 2054D0C21963E29C00F3CF67;
			remoteInfo = "API Demos";
		};
/* End PBXContainerItemProxy section */

/* Begin PBXFileReference section */
		203B16A419877A1700AD36A6 /* KAABTestingViewController.h */ = {isa = PBXFileReference; fileEncoding = 4; lastKnownFileType = sourcecode.c.h; path = KAABTestingViewController.h; sourceTree = "<group>"; };
		203B16A519877A1700AD36A6 /* KAABTestingViewController.m */ = {isa = PBXFileReference; fileEncoding = 4; lastKnownFileType = sourcecode.c.objc; path = KAABTestingViewController.m; sourceTree = "<group>"; };
		203B16A81987853F00AD36A6 /* KAFlexAnalyticsViewController.h */ = {isa = PBXFileReference; fileEncoding = 4; lastKnownFileType = sourcecode.c.h; path = KAFlexAnalyticsViewController.h; sourceTree = "<group>"; };
		203B16A91987853F00AD36A6 /* KAFlexAnalyticsViewController.m */ = {isa = PBXFileReference; fileEncoding = 4; lastKnownFileType = sourcecode.c.objc; path = KAFlexAnalyticsViewController.m; sourceTree = "<group>"; };
		203B16AC19878EE400AD36A6 /* KAEventAnalyticsViewController.h */ = {isa = PBXFileReference; fileEncoding = 4; lastKnownFileType = sourcecode.c.h; path = KAEventAnalyticsViewController.h; sourceTree = "<group>"; };
		203B16AD19878EE400AD36A6 /* KAEventAnalyticsViewController.m */ = {isa = PBXFileReference; fileEncoding = 4; lastKnownFileType = sourcecode.c.objc; path = KAEventAnalyticsViewController.m; sourceTree = "<group>"; };
		203B16B31987E7FE00AD36A6 /* KAUploadFileViewController.h */ = {isa = PBXFileReference; fileEncoding = 4; lastKnownFileType = sourcecode.c.h; path = KAUploadFileViewController.h; sourceTree = "<group>"; };
		203B16B41987E7FE00AD36A6 /* KAUploadFileViewController.m */ = {isa = PBXFileReference; fileEncoding = 4; lastKnownFileType = sourcecode.c.objc; path = KAUploadFileViewController.m; sourceTree = "<group>"; };
		203B16B61987E91500AD36A6 /* KACheckLoginTableViewController.h */ = {isa = PBXFileReference; fileEncoding = 4; lastKnownFileType = sourcecode.c.h; path = KACheckLoginTableViewController.h; sourceTree = "<group>"; };
		203B16B71987E91500AD36A6 /* KACheckLoginTableViewController.m */ = {isa = PBXFileReference; fileEncoding = 4; lastKnownFileType = sourcecode.c.objc; path = KACheckLoginTableViewController.m; sourceTree = "<group>"; };
		203B16B919888F3E00AD36A6 /* KAServerExtensionViewController.h */ = {isa = PBXFileReference; fileEncoding = 4; lastKnownFileType = sourcecode.c.h; path = KAServerExtensionViewController.h; sourceTree = "<group>"; };
		203B16BA19888F3E00AD36A6 /* KAServerExtensionViewController.m */ = {isa = PBXFileReference; fileEncoding = 4; lastKnownFileType = sourcecode.c.objc; path = KAServerExtensionViewController.m; sourceTree = "<group>"; };
		2054D0C31963E29C00F3CF67 /* API Demos.app */ = {isa = PBXFileReference; explicitFileType = wrapper.application; includeInIndex = 0; path = "API Demos.app"; sourceTree = BUILT_PRODUCTS_DIR; };
		2054D0C61963E29C00F3CF67 /* Foundation.framework */ = {isa = PBXFileReference; lastKnownFileType = wrapper.framework; name = Foundation.framework; path = System/Library/Frameworks/Foundation.framework; sourceTree = SDKROOT; };
		2054D0C81963E29C00F3CF67 /* CoreGraphics.framework */ = {isa = PBXFileReference; lastKnownFileType = wrapper.framework; name = CoreGraphics.framework; path = System/Library/Frameworks/CoreGraphics.framework; sourceTree = SDKROOT; };
		2054D0CA1963E29C00F3CF67 /* UIKit.framework */ = {isa = PBXFileReference; lastKnownFileType = wrapper.framework; name = UIKit.framework; path = System/Library/Frameworks/UIKit.framework; sourceTree = SDKROOT; };
		2054D0CE1963E29C00F3CF67 /* API Demos-Info.plist */ = {isa = PBXFileReference; lastKnownFileType = text.plist.xml; path = "API Demos-Info.plist"; sourceTree = "<group>"; };
		2054D0D01963E29C00F3CF67 /* en */ = {isa = PBXFileReference; lastKnownFileType = text.plist.strings; name = en; path = en.lproj/InfoPlist.strings; sourceTree = "<group>"; };
		2054D0D21963E29C00F3CF67 /* main.m */ = {isa = PBXFileReference; lastKnownFileType = sourcecode.c.objc; path = main.m; sourceTree = "<group>"; };
		2054D0D41963E29C00F3CF67 /* API Demos-Prefix.pch */ = {isa = PBXFileReference; lastKnownFileType = sourcecode.c.h; path = "API Demos-Prefix.pch"; sourceTree = "<group>"; };
		2054D0D51963E29C00F3CF67 /* KAAppDelegate.h */ = {isa = PBXFileReference; lastKnownFileType = sourcecode.c.h; path = KAAppDelegate.h; sourceTree = "<group>"; };
		2054D0D61963E29C00F3CF67 /* KAAppDelegate.m */ = {isa = PBXFileReference; lastKnownFileType = sourcecode.c.objc; path = KAAppDelegate.m; sourceTree = "<group>"; };
		2054D0D91963E29C00F3CF67 /* Base */ = {isa = PBXFileReference; lastKnownFileType = file.storyboard; name = Base; path = Base.lproj/Main.storyboard; sourceTree = "<group>"; };
		2054D0E11963E29C00F3CF67 /* Images.xcassets */ = {isa = PBXFileReference; lastKnownFileType = folder.assetcatalog; path = Images.xcassets; sourceTree = "<group>"; };
		2054D0E71963E29C00F3CF67 /* API DemosTests.xctest */ = {isa = PBXFileReference; explicitFileType = wrapper.cfbundle; includeInIndex = 0; path = "API DemosTests.xctest"; sourceTree = BUILT_PRODUCTS_DIR; };
		2054D0E81963E29C00F3CF67 /* XCTest.framework */ = {isa = PBXFileReference; lastKnownFileType = wrapper.framework; name = XCTest.framework; path = Library/Frameworks/XCTest.framework; sourceTree = DEVELOPER_DIR; };
		2054D0F01963E29C00F3CF67 /* API DemosTests-Info.plist */ = {isa = PBXFileReference; lastKnownFileType = text.plist.xml; path = "API DemosTests-Info.plist"; sourceTree = "<group>"; };
		2054D0F21963E29C00F3CF67 /* en */ = {isa = PBXFileReference; lastKnownFileType = text.plist.strings; name = en; path = en.lproj/InfoPlist.strings; sourceTree = "<group>"; };
		2054D0F41963E29C00F3CF67 /* API_DemosTests.m */ = {isa = PBXFileReference; lastKnownFileType = sourcecode.c.objc; path = API_DemosTests.m; sourceTree = "<group>"; };
		20551E7B1989D0DF0077B2AB /* KADownloadFileViewController.h */ = {isa = PBXFileReference; fileEncoding = 4; lastKnownFileType = sourcecode.c.h; path = KADownloadFileViewController.h; sourceTree = "<group>"; };
		20551E7C1989D0DF0077B2AB /* KADownloadFileViewController.m */ = {isa = PBXFileReference; fileEncoding = 4; lastKnownFileType = sourcecode.c.objc; path = KADownloadFileViewController.m; sourceTree = "<group>"; };
		20551E7E1989D0EA0077B2AB /* KAPublishFileViewController.h */ = {isa = PBXFileReference; fileEncoding = 4; lastKnownFileType = sourcecode.c.h; path = KAPublishFileViewController.h; sourceTree = "<group>"; };
		20551E7F1989D0EA0077B2AB /* KAPublishFileViewController.m */ = {isa = PBXFileReference; fileEncoding = 4; lastKnownFileType = sourcecode.c.objc; path = KAPublishFileViewController.m; sourceTree = "<group>"; };
		205AAFEF1984775600BC06FB /* KANotepadTableViewController.h */ = {isa = PBXFileReference; fileEncoding = 4; lastKnownFileType = sourcecode.c.h; path = KANotepadTableViewController.h; sourceTree = "<group>"; };
		205AAFF01984775600BC06FB /* KANotepadTableViewController.m */ = {isa = PBXFileReference; fileEncoding = 4; lastKnownFileType = sourcecode.c.objc; path = KANotepadTableViewController.m; sourceTree = "<group>"; };
		205AAFF3198480CF00BC06FB /* KANoteEditorViewController.h */ = {isa = PBXFileReference; fileEncoding = 4; lastKnownFileType = sourcecode.c.h; path = KANoteEditorViewController.h; sourceTree = "<group>"; };
		205AAFF4198480CF00BC06FB /* KANoteEditorViewController.m */ = {isa = PBXFileReference; fileEncoding = 4; lastKnownFileType = sourcecode.c.objc; path = KANoteEditorViewController.m; sourceTree = "<group>"; };
		207069561974E20A00EE57F2 /* KAGroupManagementViewController.h */ = {isa = PBXFileReference; fileEncoding = 4; lastKnownFileType = sourcecode.c.h; path = KAGroupManagementViewController.h; sourceTree = "<group>"; };
		207069571974E20A00EE57F2 /* KAGroupManagementViewController.m */ = {isa = PBXFileReference; fileEncoding = 4; lastKnownFileType = sourcecode.c.objc; path = KAGroupManagementViewController.m; sourceTree = "<group>"; };
		20968B091963E46B0021BBE2 /* MobileCoreServices.framework */ = {isa = PBXFileReference; lastKnownFileType = wrapper.framework; name = MobileCoreServices.framework; path = System/Library/Frameworks/MobileCoreServices.framework; sourceTree = SDKROOT; };
		20968B0B1963E4730021BBE2 /* Accounts.framework */ = {isa = PBXFileReference; lastKnownFileType = wrapper.framework; name = Accounts.framework; path = System/Library/Frameworks/Accounts.framework; sourceTree = SDKROOT; };
		20968B0D1963E47B0021BBE2 /* Social.framework */ = {isa = PBXFileReference; lastKnownFileType = wrapper.framework; name = Social.framework; path = System/Library/Frameworks/Social.framework; sourceTree = SDKROOT; };
		20968B0F1963E4830021BBE2 /* Security.framework */ = {isa = PBXFileReference; lastKnownFileType = wrapper.framework; name = Security.framework; path = System/Library/Frameworks/Security.framework; sourceTree = SDKROOT; };
		20968B111963E48B0021BBE2 /* ImageIO.framework */ = {isa = PBXFileReference; lastKnownFileType = wrapper.framework; name = ImageIO.framework; path = System/Library/Frameworks/ImageIO.framework; sourceTree = SDKROOT; };
		20968B131963E4930021BBE2 /* libsqlite3.dylib */ = {isa = PBXFileReference; lastKnownFileType = "compiled.mach-o.dylib"; name = libsqlite3.dylib; path = usr/lib/libsqlite3.dylib; sourceTree = SDKROOT; };
		20968B151963E4A90021BBE2 /* KiiSDK.framework */ = {isa = PBXFileReference; lastKnownFileType = wrapper.framework; path = KiiSDK.framework; sourceTree = "<group>"; };
		20968B171963E4B70021BBE2 /* KiiAnalytics.framework */ = {isa = PBXFileReference; lastKnownFileType = wrapper.framework; path = KiiAnalytics.framework; sourceTree = "<group>"; };
		2099FD4F196AFCC5005062F0 /* KASimpleSignUpInViewController.h */ = {isa = PBXFileReference; fileEncoding = 4; lastKnownFileType = sourcecode.c.h; path = KASimpleSignUpInViewController.h; sourceTree = "<group>"; };
		2099FD50196AFCC5005062F0 /* KASimpleSignUpInViewController.m */ = {isa = PBXFileReference; fileEncoding = 4; lastKnownFileType = sourcecode.c.objc; path = KASimpleSignUpInViewController.m; sourceTree = "<group>"; };
		2099FD53196AFFF9005062F0 /* iToast.h */ = {isa = PBXFileReference; fileEncoding = 4; lastKnownFileType = sourcecode.c.h; path = iToast.h; sourceTree = "<group>"; };
		2099FD54196AFFF9005062F0 /* iToast.m */ = {isa = PBXFileReference; fileEncoding = 4; lastKnownFileType = sourcecode.c.objc; path = iToast.m; sourceTree = "<group>"; };
		2099FD55196AFFF9005062F0 /* MBProgressHUD.h */ = {isa = PBXFileReference; fileEncoding = 4; lastKnownFileType = sourcecode.c.h; path = MBProgressHUD.h; sourceTree = "<group>"; };
		2099FD56196AFFF9005062F0 /* MBProgressHUD.m */ = {isa = PBXFileReference; fileEncoding = 4; lastKnownFileType = sourcecode.c.objc; path = MBProgressHUD.m; sourceTree = "<group>"; };
		2099FD59196B116A005062F0 /* KASignUpViewController.h */ = {isa = PBXFileReference; fileEncoding = 4; lastKnownFileType = sourcecode.c.h; path = KASignUpViewController.h; sourceTree = "<group>"; };
		2099FD5A196B116A005062F0 /* KASignUpViewController.m */ = {isa = PBXFileReference; fileEncoding = 4; lastKnownFileType = sourcecode.c.objc; path = KASignUpViewController.m; sourceTree = "<group>"; };
		209AD7B6196C40F400DE5235 /* KAUserAttributesViewController.h */ = {isa = PBXFileReference; fileEncoding = 4; lastKnownFileType = sourcecode.c.h; path = KAUserAttributesViewController.h; sourceTree = "<group>"; };
		209AD7B7196C40F400DE5235 /* KAUserAttributesViewController.m */ = {isa = PBXFileReference; fileEncoding = 4; lastKnownFileType = sourcecode.c.objc; path = KAUserAttributesViewController.m; sourceTree = "<group>"; };
		209AD7B9196C480E00DE5235 /* KALogoutDeleteUserViewController.h */ = {isa = PBXFileReference; fileEncoding = 4; lastKnownFileType = sourcecode.c.h; path = KALogoutDeleteUserViewController.h; sourceTree = "<group>"; };
		209AD7BA196C480E00DE5235 /* KALogoutDeleteUserViewController.m */ = {isa = PBXFileReference; fileEncoding = 4; lastKnownFileType = sourcecode.c.objc; path = KALogoutDeleteUserViewController.m; sourceTree = "<group>"; };
		20B45E9619693EB500CA2F03 /* KASettingsViewController.h */ = {isa = PBXFileReference; fileEncoding = 4; lastKnownFileType = sourcecode.c.h; path = KASettingsViewController.h; sourceTree = "<group>"; };
		20B45E9719693EB500CA2F03 /* KASettingsViewController.m */ = {isa = PBXFileReference; fileEncoding = 4; lastKnownFileType = sourcecode.c.objc; path = KASettingsViewController.m; sourceTree = "<group>"; };
		20B45E991969404C00CA2F03 /* KAViewUtils.h */ = {isa = PBXFileReference; fileEncoding = 4; lastKnownFileType = sourcecode.c.h; path = KAViewUtils.h; sourceTree = "<group>"; };
		20B45E9A1969404C00CA2F03 /* KAViewUtils.m */ = {isa = PBXFileReference; fileEncoding = 4; lastKnownFileType = sourcecode.c.objc; path = KAViewUtils.m; sourceTree = "<group>"; };
		20B45E9C196940E800CA2F03 /* KAAppConfig.h */ = {isa = PBXFileReference; fileEncoding = 4; lastKnownFileType = sourcecode.c.h; path = KAAppConfig.h; sourceTree = "<group>"; };
		20B45E9D196940E800CA2F03 /* KAAppConfig.m */ = {isa = PBXFileReference; fileEncoding = 4; lastKnownFileType = sourcecode.c.objc; path = KAAppConfig.m; sourceTree = "<group>"; };
		20B45E9F1969435100CA2F03 /* KAGlobal.h */ = {isa = PBXFileReference; fileEncoding = 4; lastKnownFileType = sourcecode.c.h; path = KAGlobal.h; sourceTree = "<group>"; };
		20B45EA01969435100CA2F03 /* KAGlobal.m */ = {isa = PBXFileReference; fileEncoding = 4; lastKnownFileType = sourcecode.c.objc; path = KAGlobal.m; sourceTree = "<group>"; };
		20D415E6198E2D2400E170B8 /* KAAddPOIViewController.h */ = {isa = PBXFileReference; fileEncoding = 4; lastKnownFileType = sourcecode.c.h; path = KAAddPOIViewController.h; sourceTree = "<group>"; };
		20D415E7198E2D2400E170B8 /* KAAddPOIViewController.m */ = {isa = PBXFileReference; fileEncoding = 4; lastKnownFileType = sourcecode.c.objc; path = KAAddPOIViewController.m; sourceTree = "<group>"; };
		20D415EA198E32FB00E170B8 /* CoreLocation.framework */ = {isa = PBXFileReference; lastKnownFileType = wrapper.framework; name = CoreLocation.framework; path = System/Library/Frameworks/CoreLocation.framework; sourceTree = SDKROOT; };
		20D415EC198E408400E170B8 /* KAPOIGeoBoxViewController.h */ = {isa = PBXFileReference; fileEncoding = 4; lastKnownFileType = sourcecode.c.h; path = KAPOIGeoBoxViewController.h; sourceTree = "<group>"; };
		20D415ED198E408400E170B8 /* KAPOIGeoBoxViewController.m */ = {isa = PBXFileReference; fileEncoding = 4; lastKnownFileType = sourcecode.c.objc; path = KAPOIGeoBoxViewController.m; sourceTree = "<group>"; };
		20D415EF198E409B00E170B8 /* KAPOIDistanceViewController.h */ = {isa = PBXFileReference; fileEncoding = 4; lastKnownFileType = sourcecode.c.h; path = KAPOIDistanceViewController.h; sourceTree = "<group>"; };
		20D415F0198E409B00E170B8 /* KAPOIDistanceViewController.m */ = {isa = PBXFileReference; fileEncoding = 4; lastKnownFileType = sourcecode.c.objc; path = KAPOIDistanceViewController.m; sourceTree = "<group>"; };
		20D6185D196F4ADD00AF8A4A /* KASNSIntegrateViewController.h */ = {isa = PBXFileReference; fileEncoding = 4; lastKnownFileType = sourcecode.c.h; path = KASNSIntegrateViewController.h; sourceTree = "<group>"; };
		20D6185E196F4ADD00AF8A4A /* KASNSIntegrateViewController.m */ = {isa = PBXFileReference; fileEncoding = 4; lastKnownFileType = sourcecode.c.objc; path = KASNSIntegrateViewController.m; sourceTree = "<group>"; };
		20E27D011976876E00F0B1A4 /* tab_settings@2x.png */ = {isa = PBXFileReference; lastKnownFileType = image.png; path = "tab_settings@2x.png"; sourceTree = "<group>"; };
		20E27D021976876E00F0B1A4 /* tab_api@2x.png */ = {isa = PBXFileReference; lastKnownFileType = image.png; path = "tab_api@2x.png"; sourceTree = "<group>"; };
		20E91E04196B5F8A0062B9EF /* KASignInViewController.h */ = {isa = PBXFileReference; fileEncoding = 4; lastKnownFileType = sourcecode.c.h; path = KASignInViewController.h; sourceTree = "<group>"; };
		20E91E05196B5F8A0062B9EF /* KASignInViewController.m */ = {isa = PBXFileReference; fileEncoding = 4; lastKnownFileType = sourcecode.c.objc; path = KASignInViewController.m; sourceTree = "<group>"; };
/* End PBXFileReference section */

/* Begin PBXFrameworksBuildPhase section */
		2054D0C01963E29C00F3CF67 /* Frameworks */ = {
			isa = PBXFrameworksBuildPhase;
			buildActionMask = 2147483647;
			files = (
				20D415EB198E32FB00E170B8 /* CoreLocation.framework in Frameworks */,
				20968B141963E4930021BBE2 /* libsqlite3.dylib in Frameworks */,
				20968B121963E48B0021BBE2 /* ImageIO.framework in Frameworks */,
				20968B101963E4830021BBE2 /* Security.framework in Frameworks */,
				20968B181963E4B70021BBE2 /* KiiAnalytics.framework in Frameworks */,
				20968B0E1963E47B0021BBE2 /* Social.framework in Frameworks */,
				20968B0C1963E4730021BBE2 /* Accounts.framework in Frameworks */,
				20968B0A1963E46B0021BBE2 /* MobileCoreServices.framework in Frameworks */,
				2054D0C91963E29C00F3CF67 /* CoreGraphics.framework in Frameworks */,
				2054D0CB1963E29C00F3CF67 /* UIKit.framework in Frameworks */,
				2054D0C71963E29C00F3CF67 /* Foundation.framework in Frameworks */,
				20968B161963E4A90021BBE2 /* KiiSDK.framework in Frameworks */,
			);
			runOnlyForDeploymentPostprocessing = 0;
		};
		2054D0E41963E29C00F3CF67 /* Frameworks */ = {
			isa = PBXFrameworksBuildPhase;
			buildActionMask = 2147483647;
			files = (
				2054D0E91963E29C00F3CF67 /* XCTest.framework in Frameworks */,
				2054D0EB1963E29C00F3CF67 /* UIKit.framework in Frameworks */,
				2054D0EA1963E29C00F3CF67 /* Foundation.framework in Frameworks */,
			);
			runOnlyForDeploymentPostprocessing = 0;
		};
/* End PBXFrameworksBuildPhase section */

/* Begin PBXGroup section */
		203B16A719877A1B00AD36A6 /* A/B Testing */ = {
			isa = PBXGroup;
			children = (
				203B16A419877A1700AD36A6 /* KAABTestingViewController.h */,
				203B16A519877A1700AD36A6 /* KAABTestingViewController.m */,
			);
			name = "A/B Testing";
			sourceTree = "<group>";
		};
		203B16AB1987854300AD36A6 /* Analytics */ = {
			isa = PBXGroup;
			children = (
				203B16A81987853F00AD36A6 /* KAFlexAnalyticsViewController.h */,
				203B16A91987853F00AD36A6 /* KAFlexAnalyticsViewController.m */,
				203B16AC19878EE400AD36A6 /* KAEventAnalyticsViewController.h */,
				203B16AD19878EE400AD36A6 /* KAEventAnalyticsViewController.m */,
			);
			name = Analytics;
			sourceTree = "<group>";
		};
		203B16B21987D75D00AD36A6 /* File storage */ = {
			isa = PBXGroup;
			children = (
				203B16B31987E7FE00AD36A6 /* KAUploadFileViewController.h */,
				203B16B41987E7FE00AD36A6 /* KAUploadFileViewController.m */,
				20551E7B1989D0DF0077B2AB /* KADownloadFileViewController.h */,
				20551E7C1989D0DF0077B2AB /* KADownloadFileViewController.m */,
				20551E7E1989D0EA0077B2AB /* KAPublishFileViewController.h */,
				20551E7F1989D0EA0077B2AB /* KAPublishFileViewController.m */,
			);
			name = "File storage";
			sourceTree = "<group>";
		};
		203B16BC19888F4200AD36A6 /* Server extension */ = {
			isa = PBXGroup;
			children = (
				203B16B919888F3E00AD36A6 /* KAServerExtensionViewController.h */,
				203B16BA19888F3E00AD36A6 /* KAServerExtensionViewController.m */,
			);
			name = "Server extension";
			sourceTree = "<group>";
		};
		2054D0BA1963E29C00F3CF67 = {
			isa = PBXGroup;
			children = (
				2054D0CC1963E29C00F3CF67 /* API Demos */,
				2054D0EE1963E29C00F3CF67 /* API DemosTests */,
				2054D0C51963E29C00F3CF67 /* Frameworks */,
				2054D0C41963E29C00F3CF67 /* Products */,
			);
			sourceTree = "<group>";
		};
		2054D0C41963E29C00F3CF67 /* Products */ = {
			isa = PBXGroup;
			children = (
				2054D0C31963E29C00F3CF67 /* API Demos.app */,
				2054D0E71963E29C00F3CF67 /* API DemosTests.xctest */,
			);
			name = Products;
			sourceTree = "<group>";
		};
		2054D0C51963E29C00F3CF67 /* Frameworks */ = {
			isa = PBXGroup;
			children = (
				20D415EA198E32FB00E170B8 /* CoreLocation.framework */,
				20968B171963E4B70021BBE2 /* KiiAnalytics.framework */,
				20968B151963E4A90021BBE2 /* KiiSDK.framework */,
				20968B131963E4930021BBE2 /* libsqlite3.dylib */,
				20968B111963E48B0021BBE2 /* ImageIO.framework */,
				20968B0F1963E4830021BBE2 /* Security.framework */,
				20968B0D1963E47B0021BBE2 /* Social.framework */,
				20968B0B1963E4730021BBE2 /* Accounts.framework */,
				20968B091963E46B0021BBE2 /* MobileCoreServices.framework */,
				2054D0C61963E29C00F3CF67 /* Foundation.framework */,
				2054D0C81963E29C00F3CF67 /* CoreGraphics.framework */,
				2054D0CA1963E29C00F3CF67 /* UIKit.framework */,
				2054D0E81963E29C00F3CF67 /* XCTest.framework */,
			);
			name = Frameworks;
			sourceTree = "<group>";
		};
		2054D0CC1963E29C00F3CF67 /* API Demos */ = {
			isa = PBXGroup;
			children = (
				20E27D011976876E00F0B1A4 /* tab_settings@2x.png */,
				20E27D021976876E00F0B1A4 /* tab_api@2x.png */,
				2054D0D81963E29C00F3CF67 /* Main.storyboard */,
				2099FD4E196AFCA0005062F0 /* Global */,
				2099FD52196AFCCB005062F0 /* User management */,
				207069591974E21000EE57F2 /* Group management */,
				203B16B21987D75D00AD36A6 /* File storage */,
				20D415E9198E2D3100E170B8 /* Geolocation */,
				205AAFF21984775C00BC06FB /* Object storage (Notepad) */,
				203B16AB1987854300AD36A6 /* Analytics */,
				203B16A719877A1B00AD36A6 /* A/B Testing */,
				203B16BC19888F4200AD36A6 /* Server extension */,
				2054D0E11963E29C00F3CF67 /* Images.xcassets */,
				2054D0CD1963E29C00F3CF67 /* Supporting Files */,
			);
			path = "API Demos";
			sourceTree = "<group>";
		};
		2054D0CD1963E29C00F3CF67 /* Supporting Files */ = {
			isa = PBXGroup;
			children = (
				2054D0CE1963E29C00F3CF67 /* API Demos-Info.plist */,
				2054D0CF1963E29C00F3CF67 /* InfoPlist.strings */,
				2054D0D21963E29C00F3CF67 /* main.m */,
				2054D0D41963E29C00F3CF67 /* API Demos-Prefix.pch */,
			);
			name = "Supporting Files";
			sourceTree = "<group>";
		};
		2054D0EE1963E29C00F3CF67 /* API DemosTests */ = {
			isa = PBXGroup;
			children = (
				2054D0F41963E29C00F3CF67 /* API_DemosTests.m */,
				2054D0EF1963E29C00F3CF67 /* Supporting Files */,
			);
			path = "API DemosTests";
			sourceTree = "<group>";
		};
		2054D0EF1963E29C00F3CF67 /* Supporting Files */ = {
			isa = PBXGroup;
			children = (
				2054D0F01963E29C00F3CF67 /* API DemosTests-Info.plist */,
				2054D0F11963E29C00F3CF67 /* InfoPlist.strings */,
			);
			name = "Supporting Files";
			sourceTree = "<group>";
		};
		205AAFF21984775C00BC06FB /* Object storage (Notepad) */ = {
			isa = PBXGroup;
			children = (
				205AAFEF1984775600BC06FB /* KANotepadTableViewController.h */,
				205AAFF01984775600BC06FB /* KANotepadTableViewController.m */,
				205AAFF3198480CF00BC06FB /* KANoteEditorViewController.h */,
				205AAFF4198480CF00BC06FB /* KANoteEditorViewController.m */,
			);
			name = "Object storage (Notepad)";
			sourceTree = "<group>";
		};
		207069591974E21000EE57F2 /* Group management */ = {
			isa = PBXGroup;
			children = (
				207069561974E20A00EE57F2 /* KAGroupManagementViewController.h */,
				207069571974E20A00EE57F2 /* KAGroupManagementViewController.m */,
			);
			name = "Group management";
			sourceTree = "<group>";
		};
		2099FD4E196AFCA0005062F0 /* Global */ = {
			isa = PBXGroup;
			children = (
				20B45E9619693EB500CA2F03 /* KASettingsViewController.h */,
				20B45E9719693EB500CA2F03 /* KASettingsViewController.m */,
				203B16B61987E91500AD36A6 /* KACheckLoginTableViewController.h */,
				203B16B71987E91500AD36A6 /* KACheckLoginTableViewController.m */,
				2099FD53196AFFF9005062F0 /* iToast.h */,
				2099FD54196AFFF9005062F0 /* iToast.m */,
				2099FD55196AFFF9005062F0 /* MBProgressHUD.h */,
				2099FD56196AFFF9005062F0 /* MBProgressHUD.m */,
				2054D0D51963E29C00F3CF67 /* KAAppDelegate.h */,
				2054D0D61963E29C00F3CF67 /* KAAppDelegate.m */,
				20B45E991969404C00CA2F03 /* KAViewUtils.h */,
				20B45E9A1969404C00CA2F03 /* KAViewUtils.m */,
				20B45E9C196940E800CA2F03 /* KAAppConfig.h */,
				20B45E9D196940E800CA2F03 /* KAAppConfig.m */,
				20B45E9F1969435100CA2F03 /* KAGlobal.h */,
				20B45EA01969435100CA2F03 /* KAGlobal.m */,
			);
			name = Global;
			sourceTree = "<group>";
		};
		2099FD52196AFCCB005062F0 /* User management */ = {
			isa = PBXGroup;
			children = (
				2099FD4F196AFCC5005062F0 /* KASimpleSignUpInViewController.h */,
				2099FD50196AFCC5005062F0 /* KASimpleSignUpInViewController.m */,
				2099FD59196B116A005062F0 /* KASignUpViewController.h */,
				2099FD5A196B116A005062F0 /* KASignUpViewController.m */,
				20E91E04196B5F8A0062B9EF /* KASignInViewController.h */,
				20E91E05196B5F8A0062B9EF /* KASignInViewController.m */,
				209AD7B6196C40F400DE5235 /* KAUserAttributesViewController.h */,
				209AD7B7196C40F400DE5235 /* KAUserAttributesViewController.m */,
				209AD7B9196C480E00DE5235 /* KALogoutDeleteUserViewController.h */,
				209AD7BA196C480E00DE5235 /* KALogoutDeleteUserViewController.m */,
				20D6185D196F4ADD00AF8A4A /* KASNSIntegrateViewController.h */,
				20D6185E196F4ADD00AF8A4A /* KASNSIntegrateViewController.m */,
			);
			name = "User management";
			sourceTree = "<group>";
		};
		20D415E9198E2D3100E170B8 /* Geolocation */ = {
			isa = PBXGroup;
			children = (
				20D415E6198E2D2400E170B8 /* KAAddPOIViewController.h */,
				20D415E7198E2D2400E170B8 /* KAAddPOIViewController.m */,
				20D415EC198E408400E170B8 /* KAPOIGeoBoxViewController.h */,
				20D415ED198E408400E170B8 /* KAPOIGeoBoxViewController.m */,
				20D415EF198E409B00E170B8 /* KAPOIDistanceViewController.h */,
				20D415F0198E409B00E170B8 /* KAPOIDistanceViewController.m */,
			);
			name = Geolocation;
			sourceTree = "<group>";
		};
/* End PBXGroup section */

/* Begin PBXNativeTarget section */
		2054D0C21963E29C00F3CF67 /* API Demos */ = {
			isa = PBXNativeTarget;
			buildConfigurationList = 2054D0F81963E29C00F3CF67 /* Build configuration list for PBXNativeTarget "API Demos" */;
			buildPhases = (
				2054D0BF1963E29C00F3CF67 /* Sources */,
				2054D0C01963E29C00F3CF67 /* Frameworks */,
				2054D0C11963E29C00F3CF67 /* Resources */,
			);
			buildRules = (
			);
			dependencies = (
			);
			name = "API Demos";
			productName = "API Demos";
			productReference = 2054D0C31963E29C00F3CF67 /* API Demos.app */;
			productType = "com.apple.product-type.application";
		};
		2054D0E61963E29C00F3CF67 /* API DemosTests */ = {
			isa = PBXNativeTarget;
			buildConfigurationList = 2054D0FB1963E29C00F3CF67 /* Build configuration list for PBXNativeTarget "API DemosTests" */;
			buildPhases = (
				2054D0E31963E29C00F3CF67 /* Sources */,
				2054D0E41963E29C00F3CF67 /* Frameworks */,
				2054D0E51963E29C00F3CF67 /* Resources */,
			);
			buildRules = (
			);
			dependencies = (
				2054D0ED1963E29C00F3CF67 /* PBXTargetDependency */,
			);
			name = "API DemosTests";
			productName = "API DemosTests";
			productReference = 2054D0E71963E29C00F3CF67 /* API DemosTests.xctest */;
			productType = "com.apple.product-type.bundle.unit-test";
		};
/* End PBXNativeTarget section */

/* Begin PBXProject section */
		2054D0BB1963E29C00F3CF67 /* Project object */ = {
			isa = PBXProject;
			attributes = {
				CLASSPREFIX = KA;
				LastUpgradeCheck = 0510;
				ORGANIZATIONNAME = "Kii Inc.";
				TargetAttributes = {
					2054D0E61963E29C00F3CF67 = {
						TestTargetID = 2054D0C21963E29C00F3CF67;
					};
				};
			};
			buildConfigurationList = 2054D0BE1963E29C00F3CF67 /* Build configuration list for PBXProject "API Demos" */;
			compatibilityVersion = "Xcode 3.2";
			developmentRegion = English;
			hasScannedForEncodings = 0;
			knownRegions = (
				en,
				Base,
			);
			mainGroup = 2054D0BA1963E29C00F3CF67;
			productRefGroup = 2054D0C41963E29C00F3CF67 /* Products */;
			projectDirPath = "";
			projectRoot = "";
			targets = (
				2054D0C21963E29C00F3CF67 /* API Demos */,
				2054D0E61963E29C00F3CF67 /* API DemosTests */,
			);
		};
/* End PBXProject section */

/* Begin PBXResourcesBuildPhase section */
		2054D0C11963E29C00F3CF67 /* Resources */ = {
			isa = PBXResourcesBuildPhase;
			buildActionMask = 2147483647;
			files = (
				20E27D041976876E00F0B1A4 /* tab_api@2x.png in Resources */,
				2054D0E21963E29C00F3CF67 /* Images.xcassets in Resources */,
				2054D0D11963E29C00F3CF67 /* InfoPlist.strings in Resources */,
				2054D0DA1963E29C00F3CF67 /* Main.storyboard in Resources */,
				20E27D031976876E00F0B1A4 /* tab_settings@2x.png in Resources */,
			);
			runOnlyForDeploymentPostprocessing = 0;
		};
		2054D0E51963E29C00F3CF67 /* Resources */ = {
			isa = PBXResourcesBuildPhase;
			buildActionMask = 2147483647;
			files = (
				2054D0F31963E29C00F3CF67 /* InfoPlist.strings in Resources */,
			);
			runOnlyForDeploymentPostprocessing = 0;
		};
/* End PBXResourcesBuildPhase section */

/* Begin PBXSourcesBuildPhase section */
		2054D0BF1963E29C00F3CF67 /* Sources */ = {
			isa = PBXSourcesBuildPhase;
			buildActionMask = 2147483647;
			files = (
				203B16B51987E7FE00AD36A6 /* KAUploadFileViewController.m in Sources */,
				203B16AA1987853F00AD36A6 /* KAFlexAnalyticsViewController.m in Sources */,
				203B16B81987E91500AD36A6 /* KACheckLoginTableViewController.m in Sources */,
				20D415E8198E2D2400E170B8 /* KAAddPOIViewController.m in Sources */,
				20B45E9B1969404C00CA2F03 /* KAViewUtils.m in Sources */,
				2054D0D71963E29C00F3CF67 /* KAAppDelegate.m in Sources */,
				20B45E9E196940E800CA2F03 /* KAAppConfig.m in Sources */,
				207069581974E20A00EE57F2 /* KAGroupManagementViewController.m in Sources */,
				20B45E9819693EB500CA2F03 /* KASettingsViewController.m in Sources */,
				2099FD58196AFFF9005062F0 /* MBProgressHUD.m in Sources */,
				20551E801989D0EA0077B2AB /* KAPublishFileViewController.m in Sources */,
				20B45EA11969435100CA2F03 /* KAGlobal.m in Sources */,
				203B16AE19878EE400AD36A6 /* KAEventAnalyticsViewController.m in Sources */,
				205AAFF11984775600BC06FB /* KANotepadTableViewController.m in Sources */,
				20551E7D1989D0DF0077B2AB /* KADownloadFileViewController.m in Sources */,
				2054D0D31963E29C00F3CF67 /* main.m in Sources */,
				2099FD51196AFCC5005062F0 /* KASimpleSignUpInViewController.m in Sources */,
				203B16BB19888F3E00AD36A6 /* KAServerExtensionViewController.m in Sources */,
				20D415EE198E408400E170B8 /* KAPOIGeoBoxViewController.m in Sources */,
				209AD7B8196C40F400DE5235 /* KAUserAttributesViewController.m in Sources */,
				2099FD5B196B116A005062F0 /* KASignUpViewController.m in Sources */,
				2099FD57196AFFF9005062F0 /* iToast.m in Sources */,
				205AAFF5198480CF00BC06FB /* KANoteEditorViewController.m in Sources */,
				203B16A619877A1700AD36A6 /* KAABTestingViewController.m in Sources */,
				20D6185F196F4ADD00AF8A4A /* KASNSIntegrateViewController.m in Sources */,
				209AD7BB196C480E00DE5235 /* KALogoutDeleteUserViewController.m in Sources */,
				20D415F1198E409B00E170B8 /* KAPOIDistanceViewController.m in Sources */,
				20E91E06196B5F8A0062B9EF /* KASignInViewController.m in Sources */,
			);
			runOnlyForDeploymentPostprocessing = 0;
		};
		2054D0E31963E29C00F3CF67 /* Sources */ = {
			isa = PBXSourcesBuildPhase;
			buildActionMask = 2147483647;
			files = (
				2054D0F51963E29C00F3CF67 /* API_DemosTests.m in Sources */,
			);
			runOnlyForDeploymentPostprocessing = 0;
		};
/* End PBXSourcesBuildPhase section */

/* Begin PBXTargetDependency section */
		2054D0ED1963E29C00F3CF67 /* PBXTargetDependency */ = {
			isa = PBXTargetDependency;
			target = 2054D0C21963E29C00F3CF67 /* API Demos */;
			targetProxy = 2054D0EC1963E29C00F3CF67 /* PBXContainerItemProxy */;
		};
/* End PBXTargetDependency section */

/* Begin PBXVariantGroup section */
		2054D0CF1963E29C00F3CF67 /* InfoPlist.strings */ = {
			isa = PBXVariantGroup;
			children = (
				2054D0D01963E29C00F3CF67 /* en */,
			);
			name = InfoPlist.strings;
			sourceTree = "<group>";
		};
		2054D0D81963E29C00F3CF67 /* Main.storyboard */ = {
			isa = PBXVariantGroup;
			children = (
				2054D0D91963E29C00F3CF67 /* Base */,
			);
			name = Main.storyboard;
			sourceTree = "<group>";
		};
		2054D0F11963E29C00F3CF67 /* InfoPlist.strings */ = {
			isa = PBXVariantGroup;
			children = (
				2054D0F21963E29C00F3CF67 /* en */,
			);
			name = InfoPlist.strings;
			sourceTree = "<group>";
		};
/* End PBXVariantGroup section */

/* Begin XCBuildConfiguration section */
		2054D0F61963E29C00F3CF67 /* Debug */ = {
			isa = XCBuildConfiguration;
			buildSettings = {
				ALWAYS_SEARCH_USER_PATHS = NO;
				CLANG_CXX_LANGUAGE_STANDARD = "gnu++0x";
				CLANG_CXX_LIBRARY = "libc++";
				CLANG_ENABLE_MODULES = YES;
				CLANG_ENABLE_OBJC_ARC = YES;
				CLANG_WARN_BOOL_CONVERSION = YES;
				CLANG_WARN_CONSTANT_CONVERSION = YES;
				CLANG_WARN_DIRECT_OBJC_ISA_USAGE = YES_ERROR;
				CLANG_WARN_EMPTY_BODY = YES;
				CLANG_WARN_ENUM_CONVERSION = YES;
				CLANG_WARN_INT_CONVERSION = YES;
				CLANG_WARN_OBJC_ROOT_CLASS = YES_ERROR;
				CLANG_WARN__DUPLICATE_METHOD_MATCH = YES;
				"CODE_SIGN_IDENTITY[sdk=iphoneos*]" = "iPhone Developer";
				COPY_PHASE_STRIP = NO;
				GCC_C_LANGUAGE_STANDARD = gnu99;
				GCC_DYNAMIC_NO_PIC = NO;
				GCC_OPTIMIZATION_LEVEL = 0;
				GCC_PREPROCESSOR_DEFINITIONS = (
					"DEBUG=1",
					"$(inherited)",
				);
				GCC_SYMBOLS_PRIVATE_EXTERN = NO;
				GCC_WARN_64_TO_32_BIT_CONVERSION = YES;
				GCC_WARN_ABOUT_RETURN_TYPE = YES_ERROR;
				GCC_WARN_UNDECLARED_SELECTOR = YES;
				GCC_WARN_UNINITIALIZED_AUTOS = YES_AGGRESSIVE;
				GCC_WARN_UNUSED_FUNCTION = YES;
				GCC_WARN_UNUSED_VARIABLE = YES;
				IPHONEOS_DEPLOYMENT_TARGET = 6.0;
				ONLY_ACTIVE_ARCH = YES;
				SDKROOT = iphoneos;
			};
			name = Debug;
		};
		2054D0F71963E29C00F3CF67 /* Release */ = {
			isa = XCBuildConfiguration;
			buildSettings = {
				ALWAYS_SEARCH_USER_PATHS = NO;
				CLANG_CXX_LANGUAGE_STANDARD = "gnu++0x";
				CLANG_CXX_LIBRARY = "libc++";
				CLANG_ENABLE_MODULES = YES;
				CLANG_ENABLE_OBJC_ARC = YES;
				CLANG_WARN_BOOL_CONVERSION = YES;
				CLANG_WARN_CONSTANT_CONVERSION = YES;
				CLANG_WARN_DIRECT_OBJC_ISA_USAGE = YES_ERROR;
				CLANG_WARN_EMPTY_BODY = YES;
				CLANG_WARN_ENUM_CONVERSION = YES;
				CLANG_WARN_INT_CONVERSION = YES;
				CLANG_WARN_OBJC_ROOT_CLASS = YES_ERROR;
				CLANG_WARN__DUPLICATE_METHOD_MATCH = YES;
				"CODE_SIGN_IDENTITY[sdk=iphoneos*]" = "iPhone Developer";
				COPY_PHASE_STRIP = YES;
				ENABLE_NS_ASSERTIONS = NO;
				GCC_C_LANGUAGE_STANDARD = gnu99;
				GCC_WARN_64_TO_32_BIT_CONVERSION = YES;
				GCC_WARN_ABOUT_RETURN_TYPE = YES_ERROR;
				GCC_WARN_UNDECLARED_SELECTOR = YES;
				GCC_WARN_UNINITIALIZED_AUTOS = YES_AGGRESSIVE;
				GCC_WARN_UNUSED_FUNCTION = YES;
				GCC_WARN_UNUSED_VARIABLE = YES;
				IPHONEOS_DEPLOYMENT_TARGET = 6.0;
				SDKROOT = iphoneos;
				VALIDATE_PRODUCT = YES;
			};
			name = Release;
		};
		2054D0F91963E29C00F3CF67 /* Debug */ = {
			isa = XCBuildConfiguration;
			buildSettings = {
				ASSETCATALOG_COMPILER_APPICON_NAME = AppIcon;
				ASSETCATALOG_COMPILER_LAUNCHIMAGE_NAME = LaunchImage;
				FRAMEWORK_SEARCH_PATHS = (
					"$(inherited)",
					"$(PROJECT_DIR)",
				);
				GCC_PRECOMPILE_PREFIX_HEADER = YES;
				GCC_PREFIX_HEADER = "API Demos/API Demos-Prefix.pch";
				INFOPLIST_FILE = "API Demos/API Demos-Info.plist";
				PRODUCT_NAME = "$(TARGET_NAME)";
				WRAPPER_EXTENSION = app;
			};
			name = Debug;
		};
		2054D0FA1963E29C00F3CF67 /* Release */ = {
			isa = XCBuildConfiguration;
			buildSettings = {
				ASSETCATALOG_COMPILER_APPICON_NAME = AppIcon;
				ASSETCATALOG_COMPILER_LAUNCHIMAGE_NAME = LaunchImage;
				FRAMEWORK_SEARCH_PATHS = (
					"$(inherited)",
					"$(PROJECT_DIR)",
				);
				GCC_PRECOMPILE_PREFIX_HEADER = YES;
				GCC_PREFIX_HEADER = "API Demos/API Demos-Prefix.pch";
				INFOPLIST_FILE = "API Demos/API Demos-Info.plist";
				PRODUCT_NAME = "$(TARGET_NAME)";
				WRAPPER_EXTENSION = app;
			};
			name = Release;
		};
		2054D0FC1963E29C00F3CF67 /* Debug */ = {
			isa = XCBuildConfiguration;
			buildSettings = {
				BUNDLE_LOADER = "$(BUILT_PRODUCTS_DIR)/API Demos.app/API Demos";
				FRAMEWORK_SEARCH_PATHS = (
					"$(SDKROOT)/Developer/Library/Frameworks",
					"$(inherited)",
					"$(DEVELOPER_FRAMEWORKS_DIR)",
				);
				GCC_PRECOMPILE_PREFIX_HEADER = YES;
				GCC_PREFIX_HEADER = "API Demos/API Demos-Prefix.pch";
				GCC_PREPROCESSOR_DEFINITIONS = (
					"DEBUG=1",
					"$(inherited)",
				);
				INFOPLIST_FILE = "API DemosTests/API DemosTests-Info.plist";
				PRODUCT_NAME = "$(TARGET_NAME)";
				TEST_HOST = "$(BUNDLE_LOADER)";
				WRAPPER_EXTENSION = xctest;
			};
			name = Debug;
		};
		2054D0FD1963E29C00F3CF67 /* Release */ = {
			isa = XCBuildConfiguration;
			buildSettings = {
				BUNDLE_LOADER = "$(BUILT_PRODUCTS_DIR)/API Demos.app/API Demos";
				FRAMEWORK_SEARCH_PATHS = (
					"$(SDKROOT)/Developer/Library/Frameworks",
					"$(inherited)",
					"$(DEVELOPER_FRAMEWORKS_DIR)",
				);
				GCC_PRECOMPILE_PREFIX_HEADER = YES;
				GCC_PREFIX_HEADER = "API Demos/API Demos-Prefix.pch";
				INFOPLIST_FILE = "API DemosTests/API DemosTests-Info.plist";
				PRODUCT_NAME = "$(TARGET_NAME)";
				TEST_HOST = "$(BUNDLE_LOADER)";
				WRAPPER_EXTENSION = xctest;
			};
			name = Release;
		};
/* End XCBuildConfiguration section */

/* Begin XCConfigurationList section */
		2054D0BE1963E29C00F3CF67 /* Build configuration list for PBXProject "API Demos" */ = {
			isa = XCConfigurationList;
			buildConfigurations = (
				2054D0F61963E29C00F3CF67 /* Debug */,
				2054D0F71963E29C00F3CF67 /* Release */,
			);
			defaultConfigurationIsVisible = 0;
			defaultConfigurationName = Release;
		};
		2054D0F81963E29C00F3CF67 /* Build configuration list for PBXNativeTarget "API Demos" */ = {
			isa = XCConfigurationList;
			buildConfigurations = (
				2054D0F91963E29C00F3CF67 /* Debug */,
				2054D0FA1963E29C00F3CF67 /* Release */,
			);
			defaultConfigurationIsVisible = 0;
			defaultConfigurationName = Release;
		};
		2054D0FB1963E29C00F3CF67 /* Build configuration list for PBXNativeTarget "API DemosTests" */ = {
			isa = XCConfigurationList;
			buildConfigurations = (
				2054D0FC1963E29C00F3CF67 /* Debug */,
				2054D0FD1963E29C00F3CF67 /* Release */,
			);
			defaultConfigurationIsVisible = 0;
			defaultConfigurationName = Release;
		};
/* End XCConfigurationList section */
	};
	rootObject = 2054D0BB1963E29C00F3CF67 /* Project object */;
}
